{
  "name": "triflake-cli",
  "version": "1.1.0",
  "lockfileVersion": 2,
  "requires": true,
  "packages": {
    "": {
      "name": "triflake-cli",
      "version": "1.1.0",
      "license": "MIT",
      "dependencies": {
        "koch-antisnowflake-cli": "^1.1.0"
      },
      "bin": {
        "triflake-cli": "src/cli.js"
      }
    },
    "node_modules/koch-antisnowflake-cli": {
      "version": "1.1.0",
      "resolved": "https://registry.npmjs.org/koch-antisnowflake-cli/-/koch-antisnowflake-cli-1.1.0.tgz",
      "integrity": "sha512-d2nAouZBUQZkGcMUukWeu1bgO3cyxkwzmpQipRUpmw1aX3b2AtGfTUzUW91m5IMwLI7znDBrvoJt6ifFjKXhtA==",
      "dependencies": {
        "koch-snowflake-cli": "^1.1.0"
      },
      "bin": {
        "koch-antisnowflake-cli": "src/cli.js"
      }
    },
    "node_modules/koch-snowflake-cli": {
      "version": "1.1.0",
      "resolved": "https://registry.npmjs.org/koch-snowflake-cli/-/koch-snowflake-cli-1.1.0.tgz",
      "integrity": "sha512-KbLzBC4S5CsFHUAWCVfXQVsczW+8B+NMEL+QMuMX7aepeh4YaxfK4LltewKop37c83WR7l5WOQPOZrOYdRRm/w==",
      "dependencies": {
        "sierpinski-hexagon-cli": "^1.1.0"
      },
      "bin": {
        "koch-snowflake-cli": "src/cli.js"
      }
    },
    "node_modules/sierpinski-hexagon-cli": {
      "version": "1.1.0",
      "resolved": "https://registry.npmjs.org/sierpinski-hexagon-cli/-/sierpinski-hexagon-cli-1.1.0.tgz",
      "integrity": "sha512-byXC9AHcfCsqTXvajSktHQFxSnyQmf2WcjjZkYiRunwucnV1fGDjc0FPs+DX/ViuO8KEA0A2kAnH/mccnsrLEw==",
      "bin": {
        "sierpinski-hexagon-cli": "src/cli.js"
      }
    }
  },
  "dependencies": {
    "koch-antisnowflake-cli": {
      "version": "1.1.0",
      "resolved": "https://registry.npmjs.org/koch-antisnowflake-cli/-/koch-antisnowflake-cli-1.1.0.tgz",
      "integrity": "sha512-d2nAouZBUQZkGcMUukWeu1bgO3cyxkwzmpQipRUpmw1aX3b2AtGfTUzUW91m5IMwLI7znDBrvoJt6ifFjKXhtA==",
      "requires": {
        "koch-snowflake-cli": "^1.1.0"
      }
    },
    "koch-snowflake-cli": {
      "version": "1.1.0",
      "resolved": "https://registry.npmjs.org/koch-snowflake-cli/-/koch-snowflake-cli-1.1.0.tgz",
      "integrity": "sha512-KbLzBC4S5CsFHUAWCVfXQVsczW+8B+NMEL+QMuMX7aepeh4YaxfK4LltewKop37c83WR7l5WOQPOZrOYdRRm/w==",
      "requires": {
        "sierpinski-hexagon-cli": "^1.1.0"
      }
    },
    "sierpinski-hexagon-cli": {
      "version": "1.1.0",
      "resolved": "https://registry.npmjs.org/sierpinski-hexagon-cli/-/sierpinski-hexagon-cli-1.1.0.tgz",
      "integrity": "sha512-byXC9AHcfCsqTXvajSktHQFxSnyQmf2WcjjZkYiRunwucnV1fGDjc0FPs+DX/ViuO8KEA0A2kAnH/mccnsrLEw=="
    }
  }
}
