{
  "name": "triflake-cli",
  "version": "1.4.0",
  "lockfileVersion": 2,
  "requires": true,
  "packages": {
    "": {
      "name": "triflake-cli",
      "version": "1.4.0",
      "license": "MIT",
      "dependencies": {
        "koch-antisnowflake-cli": "1.4.0"
      },
      "bin": {
        "triflake-cli": "src/cli.js"
      }
    },
    "node_modules/koch-antisnowflake-cli": {
      "version": "1.4.0",
      "resolved": "https://registry.npmjs.org/koch-antisnowflake-cli/-/koch-antisnowflake-cli-1.4.0.tgz",
      "integrity": "sha512-jA3DXrcNfukHB0eUh1e/wFrPy701/YG9JyYXcW8xPkzkkxc4CR2YzLl1Cfea7r6OIuHRaBZ4B2iQgQhT09zf4A==",
      "dependencies": {
        "koch-snowflake-cli": "1.3.0"
      },
      "bin": {
        "koch-antisnowflake-cli": "src/cli.js"
      }
    },
    "node_modules/koch-snowflake-cli": {
      "version": "1.3.0",
      "resolved": "https://registry.npmjs.org/koch-snowflake-cli/-/koch-snowflake-cli-1.3.0.tgz",
      "integrity": "sha512-ozSwI8qRTc+0zTfpjn9gO6VjjE+SSZ6XwlfNXQuqH7tbYL0YZPxKWx7tc5sIuRAuy549ePvD/iKwX4tow5SRSA==",
      "dependencies": {
        "sierpinski-hexagon-cli": "1.3.0"
      },
      "bin": {
        "koch-snowflake-cli": "src/cli.js"
      }
    },
    "node_modules/sierpinski-hexagon-cli": {
      "version": "1.3.0",
      "resolved": "https://registry.npmjs.org/sierpinski-hexagon-cli/-/sierpinski-hexagon-cli-1.3.0.tgz",
      "integrity": "sha512-yk6fyHKhyYkU6WLeE0taOTokAdT2+DGfAotqT+4KOUlLlpFS70qO75b7A+yy4SEHOFGtaMatq1KidAKiDmJ53A==",
      "bin": {
        "sierpinski-hexagon-cli": "src/cli.js"
      }
    }
  },
  "dependencies": {
    "koch-antisnowflake-cli": {
      "version": "1.4.0",
      "resolved": "https://registry.npmjs.org/koch-antisnowflake-cli/-/koch-antisnowflake-cli-1.4.0.tgz",
      "integrity": "sha512-jA3DXrcNfukHB0eUh1e/wFrPy701/YG9JyYXcW8xPkzkkxc4CR2YzLl1Cfea7r6OIuHRaBZ4B2iQgQhT09zf4A==",
      "requires": {
        "koch-snowflake-cli": "1.3.0"
      }
    },
    "koch-snowflake-cli": {
      "version": "1.3.0",
      "resolved": "https://registry.npmjs.org/koch-snowflake-cli/-/koch-snowflake-cli-1.3.0.tgz",
      "integrity": "sha512-ozSwI8qRTc+0zTfpjn9gO6VjjE+SSZ6XwlfNXQuqH7tbYL0YZPxKWx7tc5sIuRAuy549ePvD/iKwX4tow5SRSA==",
      "requires": {
        "sierpinski-hexagon-cli": "1.3.0"
      }
    },
    "sierpinski-hexagon-cli": {
      "version": "1.3.0",
      "resolved": "https://registry.npmjs.org/sierpinski-hexagon-cli/-/sierpinski-hexagon-cli-1.3.0.tgz",
      "integrity": "sha512-yk6fyHKhyYkU6WLeE0taOTokAdT2+DGfAotqT+4KOUlLlpFS70qO75b7A+yy4SEHOFGtaMatq1KidAKiDmJ53A=="
    }
  }
}
