{
  "name": "triflake-cli",
  "version": "1.0.0",
  "lockfileVersion": 2,
  "requires": true,
  "packages": {
    "": {
      "name": "triflake-cli",
      "version": "1.0.0",
      "license": "MIT",
      "dependencies": {
        "koch-antisnowflake-cli": "^1.0.0"
      },
      "bin": {
        "triflake-cli": "src/cli.js"
      }
    },
    "node_modules/koch-antisnowflake-cli": {
      "version": "1.0.0",
      "resolved": "https://registry.npmjs.org/koch-antisnowflake-cli/-/koch-antisnowflake-cli-1.0.0.tgz",
      "integrity": "sha512-tAE1tXW0GJLqQbu91tn6SfaG/i6z3Y9ICq2Qvwqa/iQi5EJ1fef0QxE7coBr73860YKcFqZc/2XqVuBt388P0Q==",
      "dependencies": {
        "koch-snowflake-cli": "^1.0.0"
      },
      "bin": {
        "koch-antisnowflake-cli": "src/cli.js"
      }
    },
    "node_modules/koch-snowflake-cli": {
      "version": "1.0.0",
      "resolved": "https://registry.npmjs.org/koch-snowflake-cli/-/koch-snowflake-cli-1.0.0.tgz",
      "integrity": "sha512-zZuMsA4gxUyUQsRpf87fdFDBlrOBBILPHNeNr44VPkw/tHsMfu9H2a02h+ALSd1zPYcqbrlTUvfNITgrh8TBAw==",
      "dependencies": {
        "sierpinski-hexagon-cli": "^1.0.0"
      },
      "bin": {
        "koch-snowflake-cli": "src/cli.js"
      }
    },
    "node_modules/sierpinski-hexagon-cli": {
      "version": "1.0.0",
      "resolved": "https://registry.npmjs.org/sierpinski-hexagon-cli/-/sierpinski-hexagon-cli-1.0.0.tgz",
      "integrity": "sha512-nDBubJoPQi+irALeml+cjjcdjbQ0yVNO8dc0a4TcR2KPk9fTphG4dtDUf36LraTJP9qVAjTwjDG9bypk0nwo1A==",
      "bin": {
        "sierpinski-hexagon-cli": "src/cli.js"
      }
    }
  },
  "dependencies": {
    "koch-antisnowflake-cli": {
      "version": "1.0.0",
      "resolved": "https://registry.npmjs.org/koch-antisnowflake-cli/-/koch-antisnowflake-cli-1.0.0.tgz",
      "integrity": "sha512-tAE1tXW0GJLqQbu91tn6SfaG/i6z3Y9ICq2Qvwqa/iQi5EJ1fef0QxE7coBr73860YKcFqZc/2XqVuBt388P0Q==",
      "requires": {
        "koch-snowflake-cli": "^1.0.0"
      }
    },
    "koch-snowflake-cli": {
      "version": "1.0.0",
      "resolved": "https://registry.npmjs.org/koch-snowflake-cli/-/koch-snowflake-cli-1.0.0.tgz",
      "integrity": "sha512-zZuMsA4gxUyUQsRpf87fdFDBlrOBBILPHNeNr44VPkw/tHsMfu9H2a02h+ALSd1zPYcqbrlTUvfNITgrh8TBAw==",
      "requires": {
        "sierpinski-hexagon-cli": "^1.0.0"
      }
    },
    "sierpinski-hexagon-cli": {
      "version": "1.0.0",
      "resolved": "https://registry.npmjs.org/sierpinski-hexagon-cli/-/sierpinski-hexagon-cli-1.0.0.tgz",
      "integrity": "sha512-nDBubJoPQi+irALeml+cjjcdjbQ0yVNO8dc0a4TcR2KPk9fTphG4dtDUf36LraTJP9qVAjTwjDG9bypk0nwo1A=="
    }
  }
}
